
Microsoft Visual Studio Solution File, Format Version 12.00
# Visual Studio 15
VisualStudioVersion = 15.0.28010.0
MinimumVisualStudioVersion = 10.0.40219.1
Project("{FAE04EC0-301F-11D3-BF4B-00C04F79EFBC}") = "VM501-Console", "VM501-Console\VM501-Console.csproj", "{BF1BAACB-65F5-4E9A-BFB8-7B2EAE379A31}"
EndProject
Global
	GlobalSection(SolutionConfigurationPlatforms) = preSolution
		Debug|Any CPU = Debug|Any CPU
		Release|Any CPU = Release|Any CPU
	EndGlobalSection
	GlobalSection(ProjectConfigurationPlatforms) = postSolution
		{BF1BAACB-65F5-4E9A-BFB8-7B2EAE379A31}.Debug|Any CPU.ActiveCfg = Debug|Any CPU
		{BF1BAACB-65F5-4E9A-BFB8-7B2EAE379A31}.Debug|Any CPU.Build.0 = Debug|Any CPU
		{BF1BAACB-65F5-4E9A-BFB8-7B2EAE379A31}.Release|Any CPU.ActiveCfg = Release|Any CPU
		{BF1BAACB-65F5-4E9A-BFB8-7B2EAE379A31}.Release|Any CPU.Build.0 = Release|Any CPU
	EndGlobalSection
	GlobalSection(SolutionProperties) = preSolution
		HideSolutionNode = FALSE
	EndGlobalSection
	GlobalSection(ExtensibilityGlobals) = postSolution
		SolutionGuid = {68BB3DFD-809B-4E9B-AA88-D58DCF92A3EF}
	EndGlobalSection
EndGlobal
